
Microsoft Visual Studio Solution File, Format Version 12.00
# Visual Studio Version 17
VisualStudioVersion = 17.8.34511.84
MinimumVisualStudioVersion = 10.0.40219.1
Project("{FAE04EC0-301F-11D3-BF4B-00C04F79EFBC}") = "azuredemoweb", "azuredemoweb.csproj", "{C1D28842-E105-4E49-A1AC-ECBC57972E90}"
EndProject
Global
	GlobalSection(SolutionConfigurationPlatforms) = preSolution
		Debug|Any CPU = Debug|Any CPU
		Release|Any CPU = Release|Any CPU
	EndGlobalSection
	GlobalSection(ProjectConfigurationPlatforms) = postSolution
		{C1D28842-E105-4E49-A1AC-ECBC57972E90}.Debug|Any CPU.ActiveCfg = Debug|Any CPU
		{C1D28842-E105-4E49-A1AC-ECBC57972E90}.Debug|Any CPU.Build.0 = Debug|Any CPU
		{C1D28842-E105-4E49-A1AC-ECBC57972E90}.Release|Any CPU.ActiveCfg = Release|Any CPU
		{C1D28842-E105-4E49-A1AC-ECBC57972E90}.Release|Any CPU.Build.0 = Release|Any CPU
	EndGlobalSection
	GlobalSection(SolutionProperties) = preSolution
		HideSolutionNode = FALSE
	EndGlobalSection
	GlobalSection(ExtensibilityGlobals) = postSolution
		SolutionGuid = {2C9D03B2-1A12-4B2E-A7C3-D534E13544BA}
	EndGlobalSection
EndGlobal
